
Microsoft Visual Studio Solution File, Format Version 12.00
# Visual Studio Version 17
VisualStudioVersion = 17.5.33530.505
MinimumVisualStudioVersion = 10.0.40219.1
Project("{FAE04EC0-301F-11D3-BF4B-00C04F79EFBC}") = "MyCustomWindowsService", "MyCustomWindowsService\MyCustomWindowsService.csproj", "{1BF6B759-CFB3-42AD-BBEE-7FB78914A5F3}"
EndProject
Global
	GlobalSection(SolutionConfigurationPlatforms) = preSolution
		Debug|Any CPU = Debug|Any CPU
		Release|Any CPU = Release|Any CPU
	EndGlobalSection
	GlobalSection(ProjectConfigurationPlatforms) = postSolution
		{1BF6B759-CFB3-42AD-BBEE-7FB78914A5F3}.Debug|Any CPU.ActiveCfg = Debug|Any CPU
		{1BF6B759-CFB3-42AD-BBEE-7FB78914A5F3}.Debug|Any CPU.Build.0 = Debug|Any CPU
		{1BF6B759-CFB3-42AD-BBEE-7FB78914A5F3}.Release|Any CPU.ActiveCfg = Release|Any CPU
		{1BF6B759-CFB3-42AD-BBEE-7FB78914A5F3}.Release|Any CPU.Build.0 = Release|Any CPU
	EndGlobalSection
	GlobalSection(SolutionProperties) = preSolution
		HideSolutionNode = FALSE
	EndGlobalSection
	GlobalSection(ExtensibilityGlobals) = postSolution
		SolutionGuid = {80FB1C43-C855-4181-9865-5DE01F2B45E4}
	EndGlobalSection
EndGlobal
